<?xml version="1.0" encoding="UTF-8"?>
<CodeBlocks_project_file>
	<FileVersion major="1" minor="6"/>
	<Project>
		<Option title="Bomberman"/>
		<Option makefile_is_custom="1"/>
		<Option compiler="gcc"/>
		<Option virtualFolders="CMake Files\;CMake Files\..\;CMake Files\..\..\;CMake Files\..\..\..\;CMake Files\..\..\..\..\;CMake Files\..\..\..\..\usr\;CMake Files\..\..\..\..\usr\local\;CMake Files\..\..\..\..\usr\local\lib\;CMake Files\..\..\..\..\usr\local\lib\cmake\;CMake Files\..\..\..\..\usr\local\lib\cmake\SFML\;"/>
		<Build>
			<Target title="all">
				<Option working_dir="/home/camillep/Tek2/OOP_indie_studio_2018"/>
				<Option type="4"/>
				<MakeCommands>
					<Build command="/usr/bin/make -f &quot;/home/camillep/Tek2/OOP_indie_studio_2018/Makefile&quot;  VERBOSE=1 all"/>
					<CompileFile command="/usr/bin/make -f &quot;/home/camillep/Tek2/OOP_indie_studio_2018/Makefile&quot;  VERBOSE=1 &quot;$file&quot;"/>
					<Clean command="/usr/bin/make -f &quot;/home/camillep/Tek2/OOP_indie_studio_2018/Makefile&quot;  VERBOSE=1 clean"/>
					<DistClean command="/usr/bin/make -f &quot;/home/camillep/Tek2/OOP_indie_studio_2018/Makefile&quot;  VERBOSE=1 clean"/>
				</MakeCommands>
			</Target>
			<Target title="rebuild_cache">
				<Option working_dir="/home/camillep/Tek2/OOP_indie_studio_2018"/>
				<Option type="4"/>
				<MakeCommands>
					<Build command="/usr/bin/make -f &quot;/home/camillep/Tek2/OOP_indie_studio_2018/Makefile&quot;  VERBOSE=1 rebuild_cache"/>
					<CompileFile command="/usr/bin/make -f &quot;/home/camillep/Tek2/OOP_indie_studio_2018/Makefile&quot;  VERBOSE=1 &quot;$file&quot;"/>
					<Clean command="/usr/bin/make -f &quot;/home/camillep/Tek2/OOP_indie_studio_2018/Makefile&quot;  VERBOSE=1 clean"/>
					<DistClean command="/usr/bin/make -f &quot;/home/camillep/Tek2/OOP_indie_studio_2018/Makefile&quot;  VERBOSE=1 clean"/>
				</MakeCommands>
			</Target>
			<Target title="Bomberman">
				<Option output="/home/camillep/Tek2/OOP_indie_studio_2018/Bomberman" prefix_auto="0" extension_auto="0"/>
				<Option working_dir="/home/camillep/Tek2/OOP_indie_studio_2018"/>
				<Option object_output="./"/>
				<Option type="1"/>
				<Option compiler="gcc"/>
				<Compiler>
					<Add directory="/home/camillep/Tek2/OOP_indie_studio_2018/Include"/>
				</Compiler>
				<MakeCommands>
					<Build command="/usr/bin/make -f &quot;/home/camillep/Tek2/OOP_indie_studio_2018/Makefile&quot;  VERBOSE=1 Bomberman"/>
					<CompileFile command="/usr/bin/make -f &quot;/home/camillep/Tek2/OOP_indie_studio_2018/Makefile&quot;  VERBOSE=1 &quot;$file&quot;"/>
					<Clean command="/usr/bin/make -f &quot;/home/camillep/Tek2/OOP_indie_studio_2018/Makefile&quot;  VERBOSE=1 clean"/>
					<DistClean command="/usr/bin/make -f &quot;/home/camillep/Tek2/OOP_indie_studio_2018/Makefile&quot;  VERBOSE=1 clean"/>
				</MakeCommands>
			</Target>
			<Target title="Bomberman/fast">
				<Option output="/home/camillep/Tek2/OOP_indie_studio_2018/Bomberman" prefix_auto="0" extension_auto="0"/>
				<Option working_dir="/home/camillep/Tek2/OOP_indie_studio_2018"/>
				<Option object_output="./"/>
				<Option type="1"/>
				<Option compiler="gcc"/>
				<Compiler>
					<Add directory="/home/camillep/Tek2/OOP_indie_studio_2018/Include"/>
				</Compiler>
				<MakeCommands>
					<Build command="/usr/bin/make -f &quot;/home/camillep/Tek2/OOP_indie_studio_2018/Makefile&quot;  VERBOSE=1 Bomberman/fast"/>
					<CompileFile command="/usr/bin/make -f &quot;/home/camillep/Tek2/OOP_indie_studio_2018/Makefile&quot;  VERBOSE=1 &quot;$file&quot;"/>
					<Clean command="/usr/bin/make -f &quot;/home/camillep/Tek2/OOP_indie_studio_2018/Makefile&quot;  VERBOSE=1 clean"/>
					<DistClean command="/usr/bin/make -f &quot;/home/camillep/Tek2/OOP_indie_studio_2018/Makefile&quot;  VERBOSE=1 clean"/>
				</MakeCommands>
			</Target>
			<Target title="edit_cache">
				<Option working_dir="/home/camillep/Tek2/OOP_indie_studio_2018"/>
				<Option type="4"/>
				<MakeCommands>
					<Build command="/usr/bin/make -f &quot;/home/camillep/Tek2/OOP_indie_studio_2018/Makefile&quot;  VERBOSE=1 edit_cache"/>
					<CompileFile command="/usr/bin/make -f &quot;/home/camillep/Tek2/OOP_indie_studio_2018/Makefile&quot;  VERBOSE=1 &quot;$file&quot;"/>
					<Clean command="/usr/bin/make -f &quot;/home/camillep/Tek2/OOP_indie_studio_2018/Makefile&quot;  VERBOSE=1 clean"/>
					<DistClean command="/usr/bin/make -f &quot;/home/camillep/Tek2/OOP_indie_studio_2018/Makefile&quot;  VERBOSE=1 clean"/>
				</MakeCommands>
			</Target>
		</Build>
		<Unit filename="/home/camillep/Tek2/OOP_indie_studio_2018/Include/Block.hpp">
			<Option target="Bomberman"/>
		</Unit>
		<Unit filename="/home/camillep/Tek2/OOP_indie_studio_2018/Include/Entity.hpp">
			<Option target="Bomberman"/>
		</Unit>
		<Unit filename="/home/camillep/Tek2/OOP_indie_studio_2018/Include/Entity/Bomb.hpp">
			<Option target="Bomberman"/>
		</Unit>
		<Unit filename="/home/camillep/Tek2/OOP_indie_studio_2018/Include/Entity/Character.hpp">
			<Option target="Bomberman"/>
		</Unit>
		<Unit filename="/home/camillep/Tek2/OOP_indie_studio_2018/Include/Entity/Player.hpp">
			<Option target="Bomberman"/>
		</Unit>
		<Unit filename="/home/camillep/Tek2/OOP_indie_studio_2018/Include/Entity/PowerUp.hpp">
			<Option target="Bomberman"/>
		</Unit>
		<Unit filename="/home/camillep/Tek2/OOP_indie_studio_2018/Include/Error.hpp">
			<Option target="Bomberman"/>
		</Unit>
		<Unit filename="/home/camillep/Tek2/OOP_indie_studio_2018/Include/FormattedSocket.hpp">
			<Option target="Bomberman"/>
		</Unit>
		<Unit filename="/home/camillep/Tek2/OOP_indie_studio_2018/Include/Globpp.hpp">
			<Option target="Bomberman"/>
		</Unit>
		<Unit filename="/home/camillep/Tek2/OOP_indie_studio_2018/Include/Window.hpp">
			<Option target="Bomberman"/>
		</Unit>
		<Unit filename="/home/camillep/Tek2/OOP_indie_studio_2018/Include/World.hpp">
			<Option target="Bomberman"/>
		</Unit>
		<Unit filename="/home/camillep/Tek2/OOP_indie_studio_2018/Src/Block.cpp">
			<Option target="Bomberman"/>
		</Unit>
		<Unit filename="/home/camillep/Tek2/OOP_indie_studio_2018/Src/Client.cpp">
			<Option target="Bomberman"/>
		</Unit>
		<Unit filename="/home/camillep/Tek2/OOP_indie_studio_2018/Src/Entity.cpp">
			<Option target="Bomberman"/>
		</Unit>
		<Unit filename="/home/camillep/Tek2/OOP_indie_studio_2018/Src/Entity/Bomb.cpp">
			<Option target="Bomberman"/>
		</Unit>
		<Unit filename="/home/camillep/Tek2/OOP_indie_studio_2018/Src/Entity/Character.cpp">
			<Option target="Bomberman"/>
		</Unit>
		<Unit filename="/home/camillep/Tek2/OOP_indie_studio_2018/Src/Entity/Player.cpp">
			<Option target="Bomberman"/>
		</Unit>
		<Unit filename="/home/camillep/Tek2/OOP_indie_studio_2018/Src/Entity/PowerUp.cpp">
			<Option target="Bomberman"/>
		</Unit>
		<Unit filename="/home/camillep/Tek2/OOP_indie_studio_2018/Src/Error.cpp">
			<Option target="Bomberman"/>
		</Unit>
		<Unit filename="/home/camillep/Tek2/OOP_indie_studio_2018/Src/FormattedSocket.cpp">
			<Option target="Bomberman"/>
		</Unit>
		<Unit filename="/home/camillep/Tek2/OOP_indie_studio_2018/Src/Globpp.cpp">
			<Option target="Bomberman"/>
		</Unit>
		<Unit filename="/home/camillep/Tek2/OOP_indie_studio_2018/Src/Main.cpp">
			<Option target="Bomberman"/>
		</Unit>
		<Unit filename="/home/camillep/Tek2/OOP_indie_studio_2018/Src/Server.cpp">
			<Option target="Bomberman"/>
		</Unit>
		<Unit filename="/home/camillep/Tek2/OOP_indie_studio_2018/Src/Window.cpp">
			<Option target="Bomberman"/>
		</Unit>
		<Unit filename="/home/camillep/Tek2/OOP_indie_studio_2018/Src/World.cpp">
			<Option target="Bomberman"/>
		</Unit>
		<Unit filename="/home/camillep/Tek2/OOP_indie_studio_2018/CMakeLists.txt">
			<Option virtualFolder="CMake Files\"/>
		</Unit>
		<Unit filename="/home/camillep/Tek2/OOP_indie_studio_2018/../../../../usr/local/lib/cmake/SFML/SFMLConfig.cmake">
			<Option virtualFolder="CMake Files\..\..\..\..\usr\local\lib\cmake\SFML\"/>
		</Unit>
		<Unit filename="/home/camillep/Tek2/OOP_indie_studio_2018/../../../../usr/local/lib/cmake/SFML/SFMLConfigDependencies.cmake">
			<Option virtualFolder="CMake Files\..\..\..\..\usr\local\lib\cmake\SFML\"/>
		</Unit>
		<Unit filename="/home/camillep/Tek2/OOP_indie_studio_2018/../../../../usr/local/lib/cmake/SFML/SFMLConfigVersion.cmake">
			<Option virtualFolder="CMake Files\..\..\..\..\usr\local\lib\cmake\SFML\"/>
		</Unit>
		<Unit filename="/home/camillep/Tek2/OOP_indie_studio_2018/../../../../usr/local/lib/cmake/SFML/SFMLSharedTargets-release.cmake">
			<Option virtualFolder="CMake Files\..\..\..\..\usr\local\lib\cmake\SFML\"/>
		</Unit>
		<Unit filename="/home/camillep/Tek2/OOP_indie_studio_2018/../../../../usr/local/lib/cmake/SFML/SFMLSharedTargets.cmake">
			<Option virtualFolder="CMake Files\..\..\..\..\usr\local\lib\cmake\SFML\"/>
		</Unit>
	</Project>
</CodeBlocks_project_file>
